// !$*UTF8*$!
{
	archiveVersion = 1;
	classes = {
	};
	objectVersion = 56;
	objects = {

/* Begin PBXBuildFile section */
		1210BA352910E826005E91BA /* Week1_Task.cpp in Sources */ = {isa = PBXBuildFile; fileRef = 1210BA332910E826005E91BA /* Week1_Task.cpp */; };
		12132D9A290CAC3500B58313 /* Week1_Class.cpp in Sources */ = {isa = PBXBuildFile; fileRef = 12132D99290CAC3500B58313 /* Week1_Class.cpp */; };
		12F695B12915DFE70041C2EF /* BJ2751.cpp in Sources */ = {isa = PBXBuildFile; fileRef = 12F695AF2915DFE70041C2EF /* BJ2751.cpp */; };
		12F695B42915E1C20041C2EF /* BJ1427.cpp in Sources */ = {isa = PBXBuildFile; fileRef = 12F695B22915E1C20041C2EF /* BJ1427.cpp */; };
		12F695B72915E6540041C2EF /* BJ1920.cpp in Sources */ = {isa = PBXBuildFile; fileRef = 12F695B52915E6540041C2EF /* BJ1920.cpp */; };
		12F695BA2915E83E0041C2EF /* BJ2615.cpp in Sources */ = {isa = PBXBuildFile; fileRef = 12F695B82915E83E0041C2EF /* BJ2615.cpp */; };
		12F695BD2915EFD80041C2EF /* BJ2805.cpp in Sources */ = {isa = PBXBuildFile; fileRef = 12F695BB2915EFD80041C2EF /* BJ2805.cpp */; };
		12F695C0291603EC0041C2EF /* BJ1654.cpp in Sources */ = {isa = PBXBuildFile; fileRef = 12F695BE291603EC0041C2EF /* BJ1654.cpp */; };
		12F695C3291617710041C2EF /* BJ2512.cpp in Sources */ = {isa = PBXBuildFile; fileRef = 12F695C1291617710041C2EF /* BJ2512.cpp */; };
		12F695C629161D800041C2EF /* BJ3079.cpp in Sources */ = {isa = PBXBuildFile; fileRef = 12F695C429161D800041C2EF /* BJ3079.cpp */; };
		12F695C9291621EA0041C2EF /* BJ1253.cpp in Sources */ = {isa = PBXBuildFile; fileRef = 12F695C7291621EA0041C2EF /* BJ1253.cpp */; };
		12F695CC29163C010041C2EF /* BJ3040.cpp in Sources */ = {isa = PBXBuildFile; fileRef = 12F695CA29163C010041C2EF /* BJ3040.cpp */; };
		12F695CF29163FE40041C2EF /* BJ12755.cpp in Sources */ = {isa = PBXBuildFile; fileRef = 12F695CD29163FE40041C2EF /* BJ12755.cpp */; };
		12F695D2291649740041C2EF /* BJ1051.cpp in Sources */ = {isa = PBXBuildFile; fileRef = 12F695D0291649740041C2EF /* BJ1051.cpp */; };
		12F695D529164AFF0041C2EF /* BJ10974.cpp in Sources */ = {isa = PBXBuildFile; fileRef = 12F695D329164AFF0041C2EF /* BJ10974.cpp */; };
		12F695D829164BE40041C2EF /* BJ10819.cpp in Sources */ = {isa = PBXBuildFile; fileRef = 12F695D629164BE40041C2EF /* BJ10819.cpp */; };
		12F695DB291650750041C2EF /* BJ1342.cpp in Sources */ = {isa = PBXBuildFile; fileRef = 12F695D9291650750041C2EF /* BJ1342.cpp */; };
		12F695DE291652C60041C2EF /* BJ10872.cpp in Sources */ = {isa = PBXBuildFile; fileRef = 12F695DC291652C60041C2EF /* BJ10872.cpp */; };
		12F695E1291653620041C2EF /* BJ10870.cpp in Sources */ = {isa = PBXBuildFile; fileRef = 12F695DF291653620041C2EF /* BJ10870.cpp */; };
		12F695E4291654400041C2EF /* BJ1182.cpp in Sources */ = {isa = PBXBuildFile; fileRef = 12F695E2291654400041C2EF /* BJ1182.cpp */; };
/* End PBXBuildFile section */

/* Begin PBXCopyFilesBuildPhase section */
		12132D94290CAC3500B58313 /* CopyFiles */ = {
			isa = PBXCopyFilesBuildPhase;
			buildActionMask = 2147483647;
			dstPath = /usr/share/man/man1/;
			dstSubfolderSpec = 0;
			files = (
			);
			runOnlyForDeploymentPostprocessing = 1;
		};
/* End PBXCopyFilesBuildPhase section */

/* Begin PBXFileReference section */
		1210BA332910E826005E91BA /* Week1_Task.cpp */ = {isa = PBXFileReference; lastKnownFileType = sourcecode.cpp.cpp; path = Week1_Task.cpp; sourceTree = "<group>"; };
		12132D96290CAC3500B58313 /* SeSACAlgorithm */ = {isa = PBXFileReference; explicitFileType = "compiled.mach-o.executable"; includeInIndex = 0; path = SeSACAlgorithm; sourceTree = BUILT_PRODUCTS_DIR; };
		12132D99290CAC3500B58313 /* Week1_Class.cpp */ = {isa = PBXFileReference; lastKnownFileType = sourcecode.cpp.cpp; path = Week1_Class.cpp; sourceTree = "<group>"; };
		12D956C42916627800905200 /* stdc++.h */ = {isa = PBXFileReference; fileEncoding = 4; lastKnownFileType = sourcecode.c.h; path = "stdc++.h"; sourceTree = "<group>"; };
		12F695AF2915DFE70041C2EF /* BJ2751.cpp */ = {isa = PBXFileReference; lastKnownFileType = sourcecode.cpp.cpp; path = BJ2751.cpp; sourceTree = "<group>"; };
		12F695B22915E1C20041C2EF /* BJ1427.cpp */ = {isa = PBXFileReference; lastKnownFileType = sourcecode.cpp.cpp; path = BJ1427.cpp; sourceTree = "<group>"; };
		12F695B52915E6540041C2EF /* BJ1920.cpp */ = {isa = PBXFileReference; lastKnownFileType = sourcecode.cpp.cpp; path = BJ1920.cpp; sourceTree = "<group>"; };
		12F695B82915E83E0041C2EF /* BJ2615.cpp */ = {isa = PBXFileReference; lastKnownFileType = sourcecode.cpp.cpp; path = BJ2615.cpp; sourceTree = "<group>"; };
		12F695BB2915EFD80041C2EF /* BJ2805.cpp */ = {isa = PBXFileReference; lastKnownFileType = sourcecode.cpp.cpp; path = BJ2805.cpp; sourceTree = "<group>"; };
		12F695BE291603EC0041C2EF /* BJ1654.cpp */ = {isa = PBXFileReference; lastKnownFileType = sourcecode.cpp.cpp; path = BJ1654.cpp; sourceTree = "<group>"; };
		12F695C1291617710041C2EF /* BJ2512.cpp */ = {isa = PBXFileReference; lastKnownFileType = sourcecode.cpp.cpp; path = BJ2512.cpp; sourceTree = "<group>"; };
		12F695C429161D800041C2EF /* BJ3079.cpp */ = {isa = PBXFileReference; lastKnownFileType = sourcecode.cpp.cpp; path = BJ3079.cpp; sourceTree = "<group>"; };
		12F695C7291621EA0041C2EF /* BJ1253.cpp */ = {isa = PBXFileReference; lastKnownFileType = sourcecode.cpp.cpp; path = BJ1253.cpp; sourceTree = "<group>"; };
		12F695CA29163C010041C2EF /* BJ3040.cpp */ = {isa = PBXFileReference; lastKnownFileType = sourcecode.cpp.cpp; path = BJ3040.cpp; sourceTree = "<group>"; };
		12F695CD29163FE40041C2EF /* BJ12755.cpp */ = {isa = PBXFileReference; lastKnownFileType = sourcecode.cpp.cpp; path = BJ12755.cpp; sourceTree = "<group>"; };
		12F695D0291649740041C2EF /* BJ1051.cpp */ = {isa = PBXFileReference; lastKnownFileType = sourcecode.cpp.cpp; path = BJ1051.cpp; sourceTree = "<group>"; };
		12F695D329164AFF0041C2EF /* BJ10974.cpp */ = {isa = PBXFileReference; lastKnownFileType = sourcecode.cpp.cpp; path = BJ10974.cpp; sourceTree = "<group>"; };
		12F695D629164BE40041C2EF /* BJ10819.cpp */ = {isa = PBXFileReference; lastKnownFileType = sourcecode.cpp.cpp; path = BJ10819.cpp; sourceTree = "<group>"; };
		12F695D9291650750041C2EF /* BJ1342.cpp */ = {isa = PBXFileReference; lastKnownFileType = sourcecode.cpp.cpp; path = BJ1342.cpp; sourceTree = "<group>"; };
		12F695DC291652C60041C2EF /* BJ10872.cpp */ = {isa = PBXFileReference; lastKnownFileType = sourcecode.cpp.cpp; path = BJ10872.cpp; sourceTree = "<group>"; };
		12F695DF291653620041C2EF /* BJ10870.cpp */ = {isa = PBXFileReference; lastKnownFileType = sourcecode.cpp.cpp; path = BJ10870.cpp; sourceTree = "<group>"; };
		12F695E2291654400041C2EF /* BJ1182.cpp */ = {isa = PBXFileReference; lastKnownFileType = sourcecode.cpp.cpp; path = BJ1182.cpp; sourceTree = "<group>"; };
/* End PBXFileReference section */

/* Begin PBXFrameworksBuildPhase section */
		12132D93290CAC3500B58313 /* Frameworks */ = {
			isa = PBXFrameworksBuildPhase;
			buildActionMask = 2147483647;
			files = (
			);
			runOnlyForDeploymentPostprocessing = 0;
		};
/* End PBXFrameworksBuildPhase section */

/* Begin PBXGroup section */
		12132D8D290CAC3500B58313 = {
			isa = PBXGroup;
			children = (
				12132D98290CAC3500B58313 /* SeSACAlgorithm */,
				12132D97290CAC3500B58313 /* Products */,
			);
			sourceTree = "<group>";
		};
		12132D97290CAC3500B58313 /* Products */ = {
			isa = PBXGroup;
			children = (
				12132D96290CAC3500B58313 /* SeSACAlgorithm */,
			);
			name = Products;
			sourceTree = "<group>";
		};
		12132D98290CAC3500B58313 /* SeSACAlgorithm */ = {
			isa = PBXGroup;
			children = (
				12F695AE2915DF320041C2EF /* Week2 */,
				12F695AD2915DF290041C2EF /* Week1 */,
			);
			path = SeSACAlgorithm;
			sourceTree = "<group>";
		};
		12D956C32916627800905200 /* bits */ = {
			isa = PBXGroup;
			children = (
				12D956C42916627800905200 /* stdc++.h */,
			);
			path = bits;
			sourceTree = "<group>";
		};
		12F695AD2915DF290041C2EF /* Week1 */ = {
			isa = PBXGroup;
			children = (
				1210BA332910E826005E91BA /* Week1_Task.cpp */,
				12132D99290CAC3500B58313 /* Week1_Class.cpp */,
			);
			path = Week1;
			sourceTree = "<group>";
		};
		12F695AE2915DF320041C2EF /* Week2 */ = {
			isa = PBXGroup;
			children = (
				12D956C32916627800905200 /* bits */,
				12F695AF2915DFE70041C2EF /* BJ2751.cpp */,
				12F695B22915E1C20041C2EF /* BJ1427.cpp */,
				12F695B52915E6540041C2EF /* BJ1920.cpp */,
				12F695B82915E83E0041C2EF /* BJ2615.cpp */,
				12F695BB2915EFD80041C2EF /* BJ2805.cpp */,
				12F695BE291603EC0041C2EF /* BJ1654.cpp */,
				12F695C1291617710041C2EF /* BJ2512.cpp */,
				12F695C429161D800041C2EF /* BJ3079.cpp */,
				12F695C7291621EA0041C2EF /* BJ1253.cpp */,
				12F695CA29163C010041C2EF /* BJ3040.cpp */,
				12F695CD29163FE40041C2EF /* BJ12755.cpp */,
				12F695D0291649740041C2EF /* BJ1051.cpp */,
				12F695D329164AFF0041C2EF /* BJ10974.cpp */,
				12F695D629164BE40041C2EF /* BJ10819.cpp */,
				12F695D9291650750041C2EF /* BJ1342.cpp */,
				12F695DC291652C60041C2EF /* BJ10872.cpp */,
				12F695DF291653620041C2EF /* BJ10870.cpp */,
				12F695E2291654400041C2EF /* BJ1182.cpp */,
			);
			path = Week2;
			sourceTree = "<group>";
		};
/* End PBXGroup section */

/* Begin PBXNativeTarget section */
		12132D95290CAC3500B58313 /* SeSACAlgorithm */ = {
			isa = PBXNativeTarget;
			buildConfigurationList = 12132D9D290CAC3500B58313 /* Build configuration list for PBXNativeTarget "SeSACAlgorithm" */;
			buildPhases = (
				12132D92290CAC3500B58313 /* Sources */,
				12132D93290CAC3500B58313 /* Frameworks */,
				12132D94290CAC3500B58313 /* CopyFiles */,
			);
			buildRules = (
			);
			dependencies = (
			);
			name = SeSACAlgorithm;
			productName = SeSACAlgorithm;
			productReference = 12132D96290CAC3500B58313 /* SeSACAlgorithm */;
			productType = "com.apple.product-type.tool";
		};
/* End PBXNativeTarget section */

/* Begin PBXProject section */
		12132D8E290CAC3500B58313 /* Project object */ = {
			isa = PBXProject;
			attributes = {
				BuildIndependentTargetsInParallel = 1;
				LastUpgradeCheck = 1400;
				TargetAttributes = {
					12132D95290CAC3500B58313 = {
						CreatedOnToolsVersion = 14.0;
					};
				};
			};
			buildConfigurationList = 12132D91290CAC3500B58313 /* Build configuration list for PBXProject "SeSACAlgorithm" */;
			compatibilityVersion = "Xcode 14.0";
			developmentRegion = en;
			hasScannedForEncodings = 0;
			knownRegions = (
				en,
				Base,
			);
			mainGroup = 12132D8D290CAC3500B58313;
			productRefGroup = 12132D97290CAC3500B58313 /* Products */;
			projectDirPath = "";
			projectRoot = "";
			targets = (
				12132D95290CAC3500B58313 /* SeSACAlgorithm */,
			);
		};
/* End PBXProject section */

/* Begin PBXSourcesBuildPhase section */
		12132D92290CAC3500B58313 /* Sources */ = {
			isa = PBXSourcesBuildPhase;
			buildActionMask = 2147483647;
			files = (
				12F695C9291621EA0041C2EF /* BJ1253.cpp in Sources */,
				12F695DB291650750041C2EF /* BJ1342.cpp in Sources */,
				1210BA352910E826005E91BA /* Week1_Task.cpp in Sources */,
				12F695E4291654400041C2EF /* BJ1182.cpp in Sources */,
				12F695D2291649740041C2EF /* BJ1051.cpp in Sources */,
				12F695B42915E1C20041C2EF /* BJ1427.cpp in Sources */,
				12F695E1291653620041C2EF /* BJ10870.cpp in Sources */,
				12F695C629161D800041C2EF /* BJ3079.cpp in Sources */,
				12F695B12915DFE70041C2EF /* BJ2751.cpp in Sources */,
				12F695BD2915EFD80041C2EF /* BJ2805.cpp in Sources */,
				12F695DE291652C60041C2EF /* BJ10872.cpp in Sources */,
				12F695B72915E6540041C2EF /* BJ1920.cpp in Sources */,
				12F695CF29163FE40041C2EF /* BJ12755.cpp in Sources */,
				12132D9A290CAC3500B58313 /* Week1_Class.cpp in Sources */,
				12F695BA2915E83E0041C2EF /* BJ2615.cpp in Sources */,
				12F695D829164BE40041C2EF /* BJ10819.cpp in Sources */,
				12F695C0291603EC0041C2EF /* BJ1654.cpp in Sources */,
				12F695CC29163C010041C2EF /* BJ3040.cpp in Sources */,
				12F695C3291617710041C2EF /* BJ2512.cpp in Sources */,
				12F695D529164AFF0041C2EF /* BJ10974.cpp in Sources */,
			);
			runOnlyForDeploymentPostprocessing = 0;
		};
/* End PBXSourcesBuildPhase section */

/* Begin XCBuildConfiguration section */
		12132D9B290CAC3500B58313 /* Debug */ = {
			isa = XCBuildConfiguration;
			buildSettings = {
				ALWAYS_SEARCH_USER_PATHS = NO;
				CLANG_ANALYZER_NONNULL = YES;
				CLANG_ANALYZER_NUMBER_OBJECT_CONVERSION = YES_AGGRESSIVE;
				CLANG_CXX_LANGUAGE_STANDARD = "gnu++20";
				CLANG_ENABLE_MODULES = YES;
				CLANG_ENABLE_OBJC_ARC = YES;
				CLANG_ENABLE_OBJC_WEAK = YES;
				CLANG_WARN_BLOCK_CAPTURE_AUTORELEASING = YES;
				CLANG_WARN_BOOL_CONVERSION = YES;
				CLANG_WARN_COMMA = YES;
				CLANG_WARN_CONSTANT_CONVERSION = YES;
				CLANG_WARN_DEPRECATED_OBJC_IMPLEMENTATIONS = YES;
				CLANG_WARN_DIRECT_OBJC_ISA_USAGE = YES_ERROR;
				CLANG_WARN_DOCUMENTATION_COMMENTS = YES;
				CLANG_WARN_EMPTY_BODY = YES;
				CLANG_WARN_ENUM_CONVERSION = YES;
				CLANG_WARN_INFINITE_RECURSION = YES;
				CLANG_WARN_INT_CONVERSION = YES;
				CLANG_WARN_NON_LITERAL_NULL_CONVERSION = YES;
				CLANG_WARN_OBJC_IMPLICIT_RETAIN_SELF = YES;
				CLANG_WARN_OBJC_LITERAL_CONVERSION = YES;
				CLANG_WARN_OBJC_ROOT_CLASS = YES_ERROR;
				CLANG_WARN_QUOTED_INCLUDE_IN_FRAMEWORK_HEADER = YES;
				CLANG_WARN_RANGE_LOOP_ANALYSIS = YES;
				CLANG_WARN_STRICT_PROTOTYPES = YES;
				CLANG_WARN_SUSPICIOUS_MOVE = YES;
				CLANG_WARN_UNGUARDED_AVAILABILITY = YES_AGGRESSIVE;
				CLANG_WARN_UNREACHABLE_CODE = YES;
				CLANG_WARN__DUPLICATE_METHOD_MATCH = YES;
				COPY_PHASE_STRIP = NO;
				DEBUG_INFORMATION_FORMAT = dwarf;
				ENABLE_STRICT_OBJC_MSGSEND = YES;
				ENABLE_TESTABILITY = YES;
				GCC_C_LANGUAGE_STANDARD = gnu11;
				GCC_DYNAMIC_NO_PIC = NO;
				GCC_NO_COMMON_BLOCKS = YES;
				GCC_OPTIMIZATION_LEVEL = 0;
				GCC_PREPROCESSOR_DEFINITIONS = (
					"DEBUG=1",
					"$(inherited)",
				);
				GCC_WARN_64_TO_32_BIT_CONVERSION = YES;
				GCC_WARN_ABOUT_RETURN_TYPE = YES_ERROR;
				GCC_WARN_UNDECLARED_SELECTOR = YES;
				GCC_WARN_UNINITIALIZED_AUTOS = YES_AGGRESSIVE;
				GCC_WARN_UNUSED_FUNCTION = YES;
				GCC_WARN_UNUSED_VARIABLE = YES;
				MACOSX_DEPLOYMENT_TARGET = 12.3;
				MTL_ENABLE_DEBUG_INFO = INCLUDE_SOURCE;
				MTL_FAST_MATH = YES;
				ONLY_ACTIVE_ARCH = YES;
				SDKROOT = macosx;
			};
			name = Debug;
		};
		12132D9C290CAC3500B58313 /* Release */ = {
			isa = XCBuildConfiguration;
			buildSettings = {
				ALWAYS_SEARCH_USER_PATHS = NO;
				CLANG_ANALYZER_NONNULL = YES;
				CLANG_ANALYZER_NUMBER_OBJECT_CONVERSION = YES_AGGRESSIVE;
				CLANG_CXX_LANGUAGE_STANDARD = "gnu++20";
				CLANG_ENABLE_MODULES = YES;
				CLANG_ENABLE_OBJC_ARC = YES;
				CLANG_ENABLE_OBJC_WEAK = YES;
				CLANG_WARN_BLOCK_CAPTURE_AUTORELEASING = YES;
				CLANG_WARN_BOOL_CONVERSION = YES;
				CLANG_WARN_COMMA = YES;
				CLANG_WARN_CONSTANT_CONVERSION = YES;
				CLANG_WARN_DEPRECATED_OBJC_IMPLEMENTATIONS = YES;
				CLANG_WARN_DIRECT_OBJC_ISA_USAGE = YES_ERROR;
				CLANG_WARN_DOCUMENTATION_COMMENTS = YES;
				CLANG_WARN_EMPTY_BODY = YES;
				CLANG_WARN_ENUM_CONVERSION = YES;
				CLANG_WARN_INFINITE_RECURSION = YES;
				CLANG_WARN_INT_CONVERSION = YES;
				CLANG_WARN_NON_LITERAL_NULL_CONVERSION = YES;
				CLANG_WARN_OBJC_IMPLICIT_RETAIN_SELF = YES;
				CLANG_WARN_OBJC_LITERAL_CONVERSION = YES;
				CLANG_WARN_OBJC_ROOT_CLASS = YES_ERROR;
				CLANG_WARN_QUOTED_INCLUDE_IN_FRAMEWORK_HEADER = YES;
				CLANG_WARN_RANGE_LOOP_ANALYSIS = YES;
				CLANG_WARN_STRICT_PROTOTYPES = YES;
				CLANG_WARN_SUSPICIOUS_MOVE = YES;
				CLANG_WARN_UNGUARDED_AVAILABILITY = YES_AGGRESSIVE;
				CLANG_WARN_UNREACHABLE_CODE = YES;
				CLANG_WARN__DUPLICATE_METHOD_MATCH = YES;
				COPY_PHASE_STRIP = NO;
				DEBUG_INFORMATION_FORMAT = "dwarf-with-dsym";
				ENABLE_NS_ASSERTIONS = NO;
				ENABLE_STRICT_OBJC_MSGSEND = YES;
				GCC_C_LANGUAGE_STANDARD = gnu11;
				GCC_NO_COMMON_BLOCKS = YES;
				GCC_WARN_64_TO_32_BIT_CONVERSION = YES;
				GCC_WARN_ABOUT_RETURN_TYPE = YES_ERROR;
				GCC_WARN_UNDECLARED_SELECTOR = YES;
				GCC_WARN_UNINITIALIZED_AUTOS = YES_AGGRESSIVE;
				GCC_WARN_UNUSED_FUNCTION = YES;
				GCC_WARN_UNUSED_VARIABLE = YES;
				MACOSX_DEPLOYMENT_TARGET = 12.3;
				MTL_ENABLE_DEBUG_INFO = NO;
				MTL_FAST_MATH = YES;
				SDKROOT = macosx;
			};
			name = Release;
		};
		12132D9E290CAC3500B58313 /* Debug */ = {
			isa = XCBuildConfiguration;
			buildSettings = {
				CODE_SIGN_STYLE = Automatic;
				DEVELOPMENT_TEAM = 9QNSJTHSUQ;
				ENABLE_HARDENED_RUNTIME = YES;
				PRODUCT_NAME = "$(TARGET_NAME)";
			};
			name = Debug;
		};
		12132D9F290CAC3500B58313 /* Release */ = {
			isa = XCBuildConfiguration;
			buildSettings = {
				CODE_SIGN_STYLE = Automatic;
				DEVELOPMENT_TEAM = 9QNSJTHSUQ;
				ENABLE_HARDENED_RUNTIME = YES;
				PRODUCT_NAME = "$(TARGET_NAME)";
			};
			name = Release;
		};
/* End XCBuildConfiguration section */

/* Begin XCConfigurationList section */
		12132D91290CAC3500B58313 /* Build configuration list for PBXProject "SeSACAlgorithm" */ = {
			isa = XCConfigurationList;
			buildConfigurations = (
				12132D9B290CAC3500B58313 /* Debug */,
				12132D9C290CAC3500B58313 /* Release */,
			);
			defaultConfigurationIsVisible = 0;
			defaultConfigurationName = Release;
		};
		12132D9D290CAC3500B58313 /* Build configuration list for PBXNativeTarget "SeSACAlgorithm" */ = {
			isa = XCConfigurationList;
			buildConfigurations = (
				12132D9E290CAC3500B58313 /* Debug */,
				12132D9F290CAC3500B58313 /* Release */,
			);
			defaultConfigurationIsVisible = 0;
			defaultConfigurationName = Release;
		};
/* End XCConfigurationList section */
	};
	rootObject = 12132D8E290CAC3500B58313 /* Project object */;
}
